
Microsoft Visual Studio Solution File, Format Version 12.00
# Visual Studio 15
VisualStudioVersion = 15.0.27703.2035
MinimumVisualStudioVersion = 10.0.40219.1
Project("{FAE04EC0-301F-11D3-BF4B-00C04F79EFBC}") = "GeekFlixClient", "GeekFlixClient\GeekFlixClient.csproj", "{A9169C18-0D14-41F6-A1D5-C89138346E2A}"
EndProject
Project("{FAE04EC0-301F-11D3-BF4B-00C04F79EFBC}") = "GeekFlixServer", "GeekFlixServer\GeekFlixServer.csproj", "{462CA085-9449-4126-9F3A-75DF5FD179DC}"
EndProject
Global
	GlobalSection(SolutionConfigurationPlatforms) = preSolution
		Debug|Any CPU = Debug|Any CPU
		Debug|ARM = Debug|ARM
		Debug|x64 = Debug|x64
		Debug|x86 = Debug|x86
		Release|Any CPU = Release|Any CPU
		Release|ARM = Release|ARM
		Release|x64 = Release|x64
		Release|x86 = Release|x86
	EndGlobalSection
	GlobalSection(ProjectConfigurationPlatforms) = postSolution
		{A9169C18-0D14-41F6-A1D5-C89138346E2A}.Debug|Any CPU.ActiveCfg = Debug|x86
		{A9169C18-0D14-41F6-A1D5-C89138346E2A}.Debug|ARM.ActiveCfg = Debug|ARM
		{A9169C18-0D14-41F6-A1D5-C89138346E2A}.Debug|ARM.Build.0 = Debug|ARM
		{A9169C18-0D14-41F6-A1D5-C89138346E2A}.Debug|ARM.Deploy.0 = Debug|ARM
		{A9169C18-0D14-41F6-A1D5-C89138346E2A}.Debug|x64.ActiveCfg = Debug|x64
		{A9169C18-0D14-41F6-A1D5-C89138346E2A}.Debug|x64.Build.0 = Debug|x64
		{A9169C18-0D14-41F6-A1D5-C89138346E2A}.Debug|x64.Deploy.0 = Debug|x64
		{A9169C18-0D14-41F6-A1D5-C89138346E2A}.Debug|x86.ActiveCfg = Debug|x86
		{A9169C18-0D14-41F6-A1D5-C89138346E2A}.Debug|x86.Build.0 = Debug|x86
		{A9169C18-0D14-41F6-A1D5-C89138346E2A}.Debug|x86.Deploy.0 = Debug|x86
		{A9169C18-0D14-41F6-A1D5-C89138346E2A}.Release|Any CPU.ActiveCfg = Release|x86
		{A9169C18-0D14-41F6-A1D5-C89138346E2A}.Release|ARM.ActiveCfg = Release|ARM
		{A9169C18-0D14-41F6-A1D5-C89138346E2A}.Release|ARM.Build.0 = Release|ARM
		{A9169C18-0D14-41F6-A1D5-C89138346E2A}.Release|ARM.Deploy.0 = Release|ARM
		{A9169C18-0D14-41F6-A1D5-C89138346E2A}.Release|x64.ActiveCfg = Release|x64
		{A9169C18-0D14-41F6-A1D5-C89138346E2A}.Release|x64.Build.0 = Release|x64
		{A9169C18-0D14-41F6-A1D5-C89138346E2A}.Release|x64.Deploy.0 = Release|x64
		{A9169C18-0D14-41F6-A1D5-C89138346E2A}.Release|x86.ActiveCfg = Release|x86
		{A9169C18-0D14-41F6-A1D5-C89138346E2A}.Release|x86.Build.0 = Release|x86
		{A9169C18-0D14-41F6-A1D5-C89138346E2A}.Release|x86.Deploy.0 = Release|x86
		{462CA085-9449-4126-9F3A-75DF5FD179DC}.Debug|Any CPU.ActiveCfg = Debug|Any CPU
		{462CA085-9449-4126-9F3A-75DF5FD179DC}.Debug|Any CPU.Build.0 = Debug|Any CPU
		{462CA085-9449-4126-9F3A-75DF5FD179DC}.Debug|ARM.ActiveCfg = Debug|Any CPU
		{462CA085-9449-4126-9F3A-75DF5FD179DC}.Debug|ARM.Build.0 = Debug|Any CPU
		{462CA085-9449-4126-9F3A-75DF5FD179DC}.Debug|x64.ActiveCfg = Debug|Any CPU
		{462CA085-9449-4126-9F3A-75DF5FD179DC}.Debug|x64.Build.0 = Debug|Any CPU
		{462CA085-9449-4126-9F3A-75DF5FD179DC}.Debug|x86.ActiveCfg = Debug|Any CPU
		{462CA085-9449-4126-9F3A-75DF5FD179DC}.Debug|x86.Build.0 = Debug|Any CPU
		{462CA085-9449-4126-9F3A-75DF5FD179DC}.Release|Any CPU.ActiveCfg = Release|Any CPU
		{462CA085-9449-4126-9F3A-75DF5FD179DC}.Release|Any CPU.Build.0 = Release|Any CPU
		{462CA085-9449-4126-9F3A-75DF5FD179DC}.Release|ARM.ActiveCfg = Release|Any CPU
		{462CA085-9449-4126-9F3A-75DF5FD179DC}.Release|ARM.Build.0 = Release|Any CPU
		{462CA085-9449-4126-9F3A-75DF5FD179DC}.Release|x64.ActiveCfg = Release|Any CPU
		{462CA085-9449-4126-9F3A-75DF5FD179DC}.Release|x64.Build.0 = Release|Any CPU
		{462CA085-9449-4126-9F3A-75DF5FD179DC}.Release|x86.ActiveCfg = Release|Any CPU
		{462CA085-9449-4126-9F3A-75DF5FD179DC}.Release|x86.Build.0 = Release|Any CPU
	EndGlobalSection
	GlobalSection(SolutionProperties) = preSolution
		HideSolutionNode = FALSE
	EndGlobalSection
	GlobalSection(ExtensibilityGlobals) = postSolution
		SolutionGuid = {F60644A2-6A90-467A-A014-512B33312181}
	EndGlobalSection
EndGlobal
